
Microsoft Visual Studio Solution File, Format Version 12.00
# Visual Studio 14
VisualStudioVersion = 14.0.25420.1
MinimumVisualStudioVersion = 10.0.40219.1
Project("{FAE04EC0-301F-11D3-BF4B-00C04F79EFBC}") = "SWYRA", "SWYRA\SWYRA.csproj", "{B01ED73A-FE47-4386-AAB5-BAF1ABB9FA26}"
EndProject
Project("{FAE04EC0-301F-11D3-BF4B-00C04F79EFBC}") = "swyraServices", "swyraServices\swyraServices.csproj", "{56EE94D9-D9FA-4620-835A-916601E693D7}"
EndProject
Project("{6141683F-8A12-4E36-9623-2EB02B2C2303}") = "SetupSwyraServices", "SetupSwyraServices\SetupSwyraServices.isproj", "{27DC993B-6AA8-409D-B22A-7F4EA27EDA86}"
EndProject
Project("{6141683F-8A12-4E36-9623-2EB02B2C2303}") = "SetupSwyra", "SetupSwyra\SetupSwyra.isproj", "{4228598A-4E2D-43FC-9CF3-ED7968829C96}"
EndProject
Global
	GlobalSection(SolutionConfigurationPlatforms) = preSolution
		CD_ROM|Any CPU = CD_ROM|Any CPU
		Debug|Any CPU = Debug|Any CPU
		DVD-5|Any CPU = DVD-5|Any CPU
		Release|Any CPU = Release|Any CPU
		SingleImage|Any CPU = SingleImage|Any CPU
	EndGlobalSection
	GlobalSection(ProjectConfigurationPlatforms) = postSolution
		{B01ED73A-FE47-4386-AAB5-BAF1ABB9FA26}.CD_ROM|Any CPU.ActiveCfg = Release|Any CPU
		{B01ED73A-FE47-4386-AAB5-BAF1ABB9FA26}.CD_ROM|Any CPU.Build.0 = Release|Any CPU
		{B01ED73A-FE47-4386-AAB5-BAF1ABB9FA26}.Debug|Any CPU.ActiveCfg = Debug|Any CPU
		{B01ED73A-FE47-4386-AAB5-BAF1ABB9FA26}.Debug|Any CPU.Build.0 = Debug|Any CPU
		{B01ED73A-FE47-4386-AAB5-BAF1ABB9FA26}.DVD-5|Any CPU.ActiveCfg = Debug|Any CPU
		{B01ED73A-FE47-4386-AAB5-BAF1ABB9FA26}.DVD-5|Any CPU.Build.0 = Debug|Any CPU
		{B01ED73A-FE47-4386-AAB5-BAF1ABB9FA26}.Release|Any CPU.ActiveCfg = Release|Any CPU
		{B01ED73A-FE47-4386-AAB5-BAF1ABB9FA26}.Release|Any CPU.Build.0 = Release|Any CPU
		{B01ED73A-FE47-4386-AAB5-BAF1ABB9FA26}.SingleImage|Any CPU.ActiveCfg = Release|Any CPU
		{B01ED73A-FE47-4386-AAB5-BAF1ABB9FA26}.SingleImage|Any CPU.Build.0 = Release|Any CPU
		{56EE94D9-D9FA-4620-835A-916601E693D7}.CD_ROM|Any CPU.ActiveCfg = Release|Any CPU
		{56EE94D9-D9FA-4620-835A-916601E693D7}.CD_ROM|Any CPU.Build.0 = Release|Any CPU
		{56EE94D9-D9FA-4620-835A-916601E693D7}.Debug|Any CPU.ActiveCfg = Debug|Any CPU
		{56EE94D9-D9FA-4620-835A-916601E693D7}.Debug|Any CPU.Build.0 = Debug|Any CPU
		{56EE94D9-D9FA-4620-835A-916601E693D7}.DVD-5|Any CPU.ActiveCfg = Debug|Any CPU
		{56EE94D9-D9FA-4620-835A-916601E693D7}.DVD-5|Any CPU.Build.0 = Debug|Any CPU
		{56EE94D9-D9FA-4620-835A-916601E693D7}.Release|Any CPU.ActiveCfg = Release|Any CPU
		{56EE94D9-D9FA-4620-835A-916601E693D7}.Release|Any CPU.Build.0 = Release|Any CPU
		{56EE94D9-D9FA-4620-835A-916601E693D7}.SingleImage|Any CPU.ActiveCfg = Release|Any CPU
		{56EE94D9-D9FA-4620-835A-916601E693D7}.SingleImage|Any CPU.Build.0 = Release|Any CPU
		{27DC993B-6AA8-409D-B22A-7F4EA27EDA86}.CD_ROM|Any CPU.ActiveCfg = CD_ROM
		{27DC993B-6AA8-409D-B22A-7F4EA27EDA86}.CD_ROM|Any CPU.Build.0 = CD_ROM
		{27DC993B-6AA8-409D-B22A-7F4EA27EDA86}.Debug|Any CPU.ActiveCfg = DVD-5
		{27DC993B-6AA8-409D-B22A-7F4EA27EDA86}.Debug|Any CPU.Build.0 = DVD-5
		{27DC993B-6AA8-409D-B22A-7F4EA27EDA86}.DVD-5|Any CPU.ActiveCfg = DVD-5
		{27DC993B-6AA8-409D-B22A-7F4EA27EDA86}.DVD-5|Any CPU.Build.0 = DVD-5
		{27DC993B-6AA8-409D-B22A-7F4EA27EDA86}.Release|Any CPU.ActiveCfg = SingleImage
		{27DC993B-6AA8-409D-B22A-7F4EA27EDA86}.Release|Any CPU.Build.0 = SingleImage
		{27DC993B-6AA8-409D-B22A-7F4EA27EDA86}.SingleImage|Any CPU.ActiveCfg = SingleImage
		{27DC993B-6AA8-409D-B22A-7F4EA27EDA86}.SingleImage|Any CPU.Build.0 = SingleImage
		{4228598A-4E2D-43FC-9CF3-ED7968829C96}.CD_ROM|Any CPU.ActiveCfg = CD_ROM
		{4228598A-4E2D-43FC-9CF3-ED7968829C96}.CD_ROM|Any CPU.Build.0 = CD_ROM
		{4228598A-4E2D-43FC-9CF3-ED7968829C96}.Debug|Any CPU.ActiveCfg = DVD-5
		{4228598A-4E2D-43FC-9CF3-ED7968829C96}.Debug|Any CPU.Build.0 = DVD-5
		{4228598A-4E2D-43FC-9CF3-ED7968829C96}.DVD-5|Any CPU.ActiveCfg = DVD-5
		{4228598A-4E2D-43FC-9CF3-ED7968829C96}.DVD-5|Any CPU.Build.0 = DVD-5
		{4228598A-4E2D-43FC-9CF3-ED7968829C96}.Release|Any CPU.ActiveCfg = SingleImage
		{4228598A-4E2D-43FC-9CF3-ED7968829C96}.Release|Any CPU.Build.0 = SingleImage
		{4228598A-4E2D-43FC-9CF3-ED7968829C96}.SingleImage|Any CPU.ActiveCfg = SingleImage
		{4228598A-4E2D-43FC-9CF3-ED7968829C96}.SingleImage|Any CPU.Build.0 = SingleImage
	EndGlobalSection
	GlobalSection(SolutionProperties) = preSolution
		HideSolutionNode = FALSE
	EndGlobalSection
EndGlobal
